{
  "name": "gdg-hau-id-platform",
  "lockfileVersion": 3,
  "requires": true,
  "packages": {
    "": {
      "name": "gdg-hau-id-platform",
      "dependencies": {
        "pnpm": "^11.3.0"
      },
      "devDependencies": {
        "turbo": "latest"
      }
    },
    "node_modules/@turbo/darwin-64": {
      "version": "2.9.15",
      "resolved": "https://registry.npmjs.org/@turbo/darwin-64/-/darwin-64-2.9.15.tgz",
      "integrity": "sha512-nnDo9R1Df+s2x6jxlERtbg7xRpuicf8p4J2krcnjeaMBt3q9V41pGXa4t9YM2Y4ozozsVJ+CH405CJUrWIQK4Q==",
      "cpu": [
        "x64"
      ],
      "dev": true,
      "license": "MIT",
      "optional": true,
      "os": [
        "darwin"
      ]
    },
    "node_modules/@turbo/darwin-arm64": {
      "version": "2.9.15",
      "resolved": "https://registry.npmjs.org/@turbo/darwin-arm64/-/darwin-arm64-2.9.15.tgz",
      "integrity": "sha512-fDSx56oqoFuS+yUQw7hqjQTkjrSLdMcplhuLC8HcSkWC6YrpwEmUUYsPYHPxy4ALvLxnmPQuk6XoSD8tdkjP+g==",
      "cpu": [
        "arm64"
      ],
      "dev": true,
      "license": "MIT",
      "optional": true,
      "os": [
        "darwin"
      ]
    },
    "node_modules/@turbo/linux-64": {
      "version": "2.9.15",
      "resolved": "https://registry.npmjs.org/@turbo/linux-64/-/linux-64-2.9.15.tgz",
      "integrity": "sha512-/bmxn+x/xE+oh0VzEXt/zf2zsORAYZPrL3db5/VrXzYt0Z4wxcvffwJBGlSfla2smfS1BLGBiyWldJlWDXJVXA==",
      "cpu": [
        "x64"
      ],
      "dev": true,
      "license": "MIT",
      "optional": true,
      "os": [
        "linux"
      ]
    },
    "node_modules/@turbo/linux-arm64": {
      "version": "2.9.15",
      "resolved": "https://registry.npmjs.org/@turbo/linux-arm64/-/linux-arm64-2.9.15.tgz",
      "integrity": "sha512-cbOaDe1ijz5As+mimOOHgmRMolZZZO7miNBHHp5xdiYMm2Q/Dwu1JVLx/Kw4s7xjocG/oEoHrpHrxpEAIEfNiw==",
      "cpu": [
        "arm64"
      ],
      "dev": true,
      "license": "MIT",
      "optional": true,
      "os": [
        "linux"
      ]
    },
    "node_modules/@turbo/windows-64": {
      "version": "2.9.15",
      "resolved": "https://registry.npmjs.org/@turbo/windows-64/-/windows-64-2.9.15.tgz",
      "integrity": "sha512-/Fzm7afui7uK7dFBwrTXKuDhBBTiHk5I+hMVAPMR7cqQyDo2norCNUsN9PdNuYcmzYbhSOxzz498wQYvSAz29w==",
      "cpu": [
        "x64"
      ],
      "dev": true,
      "license": "MIT",
      "optional": true,
      "os": [
        "win32"
      ]
    },
    "node_modules/@turbo/windows-arm64": {
      "version": "2.9.15",
      "resolved": "https://registry.npmjs.org/@turbo/windows-arm64/-/windows-arm64-2.9.15.tgz",
      "integrity": "sha512-fOHEsLcqVdFXLw2ApWv4gxwfHzkUnpo9rHGml+9+dyHj148m/Bc+556kEvb5+4u6prI1LMd8zEZE2HcO6Jn2VQ==",
      "cpu": [
        "arm64"
      ],
      "dev": true,
      "license": "MIT",
      "optional": true,
      "os": [
        "win32"
      ]
    },
    "node_modules/pnpm": {
      "version": "11.4.0",
      "resolved": "https://registry.npmjs.org/pnpm/-/pnpm-11.4.0.tgz",
      "integrity": "sha512-8P68fjdVKrSFSUqRQkGzOOCzWAuT1UzjHwCTMBWICGMSkDihtK5OQUoO5jrDW/IRl+mQFyxKaCVkULVjYxCWjw==",
      "license": "MIT",
      "bin": {
        "pn": "bin/pnpm.mjs",
        "pnpm": "bin/pnpm.mjs",
        "pnpx": "bin/pnpx.mjs",
        "pnx": "bin/pnpx.mjs"
      },
      "engines": {
        "node": ">=22.13"
      },
      "funding": {
        "url": "https://opencollective.com/pnpm"
      }
    },
    "node_modules/turbo": {
      "version": "2.9.15",
      "resolved": "https://registry.npmjs.org/turbo/-/turbo-2.9.15.tgz",
      "integrity": "sha512-VpKvD9Z0Hu/xrGUAYX1wnhfpqv835wIwGqeKfulvBPTOcDap0E3nFwyzCAVV85fB1sBcBDEfTP+7FSW7GzwWSQ==",
      "dev": true,
      "license": "MIT",
      "bin": {
        "turbo": "bin/turbo"
      },
      "optionalDependencies": {
        "@turbo/darwin-64": "2.9.15",
        "@turbo/darwin-arm64": "2.9.15",
        "@turbo/linux-64": "2.9.15",
        "@turbo/linux-arm64": "2.9.15",
        "@turbo/windows-64": "2.9.15",
        "@turbo/windows-arm64": "2.9.15"
      }
    }
  }
}
